
Microsoft Visual Studio Solution File, Format Version 12.00
# Visual Studio Version 17
VisualStudioVersion = 17.5.002.0
MinimumVisualStudioVersion = 10.0.40219.1
Project("{9A19103F-16F7-4668-BE54-9A1E7A4F7556}") = "MySqlApp", "MySqlApp\MySqlApp.csproj", "{2126FA1C-4CF5-4088-8803-3B7477C467FE}"
EndProject
Global
	GlobalSection(SolutionConfigurationPlatforms) = preSolution
		Debug|Any CPU = Debug|Any CPU
		Release|Any CPU = Release|Any CPU
	EndGlobalSection
	GlobalSection(ProjectConfigurationPlatforms) = postSolution
		{2126FA1C-4CF5-4088-8803-3B7477C467FE}.Debug|Any CPU.ActiveCfg = Debug|Any CPU
		{2126FA1C-4CF5-4088-8803-3B7477C467FE}.Debug|Any CPU.Build.0 = Debug|Any CPU
		{2126FA1C-4CF5-4088-8803-3B7477C467FE}.Release|Any CPU.ActiveCfg = Release|Any CPU
		{2126FA1C-4CF5-4088-8803-3B7477C467FE}.Release|Any CPU.Build.0 = Release|Any CPU
	EndGlobalSection
	GlobalSection(SolutionProperties) = preSolution
		HideSolutionNode = FALSE
	EndGlobalSection
	GlobalSection(ExtensibilityGlobals) = postSolution
		SolutionGuid = {B9CCF9B1-1CFF-4DE6-89D1-941377B544B1}
	EndGlobalSection
EndGlobal
